
Microsoft Visual Studio Solution File, Format Version 12.00
Project("{FAE04EC0-301F-11D3-BF4B-00C04F79EFBC}") = "BetterOtherRoles", "BetterOtherRoles\BetterOtherRoles.csproj", "{11FBC798-BAF5-4EE5-9511-BE6DB0592F99}"
EndProject
Project("{FAE04EC0-301F-11D3-BF4B-00C04F79EFBC}") = "BetterOtherRolesTools", "BetterOtherRolesTools\BetterOtherRolesTools.csproj", "{4B25BE54-89E3-4D89-86E8-B7B43EA64034}"
EndProject
Project("{FAE04EC0-301F-11D3-BF4B-00C04F79EFBC}") = "BetterOtherRolesApi", "BetterOtherRolesApi\BetterOtherRolesApi.csproj", "{C15357C6-6982-4549-B2D5-B2DA788765DB}"
EndProject
Global
	GlobalSection(SolutionConfigurationPlatforms) = preSolution
		Debug|Any CPU = Debug|Any CPU
		Release|Any CPU = Release|Any CPU
	EndGlobalSection
	GlobalSection(ProjectConfigurationPlatforms) = postSolution
		{11FBC798-BAF5-4EE5-9511-BE6DB0592F99}.Debug|Any CPU.ActiveCfg = Debug|Any CPU
		{11FBC798-BAF5-4EE5-9511-BE6DB0592F99}.Debug|Any CPU.Build.0 = Debug|Any CPU
		{11FBC798-BAF5-4EE5-9511-BE6DB0592F99}.Release|Any CPU.ActiveCfg = Release|Any CPU
		{11FBC798-BAF5-4EE5-9511-BE6DB0592F99}.Release|Any CPU.Build.0 = Release|Any CPU
		{4B25BE54-89E3-4D89-86E8-B7B43EA64034}.Debug|Any CPU.ActiveCfg = Debug|Any CPU
		{4B25BE54-89E3-4D89-86E8-B7B43EA64034}.Debug|Any CPU.Build.0 = Debug|Any CPU
		{4B25BE54-89E3-4D89-86E8-B7B43EA64034}.Release|Any CPU.ActiveCfg = Release|Any CPU
		{4B25BE54-89E3-4D89-86E8-B7B43EA64034}.Release|Any CPU.Build.0 = Release|Any CPU
		{C15357C6-6982-4549-B2D5-B2DA788765DB}.Debug|Any CPU.ActiveCfg = Debug|Any CPU
		{C15357C6-6982-4549-B2D5-B2DA788765DB}.Debug|Any CPU.Build.0 = Debug|Any CPU
		{C15357C6-6982-4549-B2D5-B2DA788765DB}.Release|Any CPU.ActiveCfg = Release|Any CPU
		{C15357C6-6982-4549-B2D5-B2DA788765DB}.Release|Any CPU.Build.0 = Release|Any CPU
	EndGlobalSection
EndGlobal
